
Microsoft Visual Studio Solution File, Format Version 12.00
# Visual Studio Version 17
VisualStudioVersion = 17.9.34701.34
MinimumVisualStudioVersion = 10.0.40219.1
Project("{2150E333-8FDC-42A3-9474-1A3956D46DE8}") = "Source", "Source", "{AB1F41BA-678A-4EEF-B676-584256577119}"
EndProject
Project("{2150E333-8FDC-42A3-9474-1A3956D46DE8}") = "Core", "Core", "{C9DADC47-3EB7-4A4D-856C-C6374C3202C4}"
EndProject
Project("{2150E333-8FDC-42A3-9474-1A3956D46DE8}") = "Infrastructure", "Infrastructure", "{B40DF99B-3415-4CEB-81D5-4E8584490933}"
EndProject
Project("{2150E333-8FDC-42A3-9474-1A3956D46DE8}") = "WebApi", "WebApi", "{4E71CD51-914F-4DA1-9395-E4E930F65FD2}"
EndProject
Project("{FAE04EC0-301F-11D3-BF4B-00C04F79EFBC}") = "API", "API\API.csproj", "{A04C5876-6532-4651-83A7-47B15B10AA34}"
EndProject
Project("{FAE04EC0-301F-11D3-BF4B-00C04F79EFBC}") = "Application", "Application\Application.csproj", "{7F9CD71E-2468-4AD4-B478-7CA21D913E01}"
EndProject
Project("{FAE04EC0-301F-11D3-BF4B-00C04F79EFBC}") = "Domain", "Domain\Domain.csproj", "{E2D9C7AA-CA7D-4899-86E2-524B3763FCC1}"
EndProject
Project("{FAE04EC0-301F-11D3-BF4B-00C04F79EFBC}") = "Infrastructure.Persistence", "Infrastructure.Persistence\Infrastructure.Persistence.csproj", "{B4EE67D7-4031-4909-ADEF-40F58575E847}"
EndProject
Project("{FAE04EC0-301F-11D3-BF4B-00C04F79EFBC}") = "Infrastructure.Identity", "Infrastructure.Identity\Infrastructure.Identity.csproj", "{56843B33-188A-4946-B790-7F3CACAA717F}"
EndProject
Project("{FAE04EC0-301F-11D3-BF4B-00C04F79EFBC}") = "Infrastructure.Shared", "Infrastructure.Shared\Infrastructure.Shared.csproj", "{79628333-D50F-40C2-8B5D-E1999B4A86C3}"
EndProject
Global
	GlobalSection(SolutionConfigurationPlatforms) = preSolution
		Debug|Any CPU = Debug|Any CPU
		Release|Any CPU = Release|Any CPU
	EndGlobalSection
	GlobalSection(ProjectConfigurationPlatforms) = postSolution
		{A04C5876-6532-4651-83A7-47B15B10AA34}.Debug|Any CPU.ActiveCfg = Debug|Any CPU
		{A04C5876-6532-4651-83A7-47B15B10AA34}.Debug|Any CPU.Build.0 = Debug|Any CPU
		{A04C5876-6532-4651-83A7-47B15B10AA34}.Release|Any CPU.ActiveCfg = Release|Any CPU
		{A04C5876-6532-4651-83A7-47B15B10AA34}.Release|Any CPU.Build.0 = Release|Any CPU
		{7F9CD71E-2468-4AD4-B478-7CA21D913E01}.Debug|Any CPU.ActiveCfg = Debug|Any CPU
		{7F9CD71E-2468-4AD4-B478-7CA21D913E01}.Debug|Any CPU.Build.0 = Debug|Any CPU
		{7F9CD71E-2468-4AD4-B478-7CA21D913E01}.Release|Any CPU.ActiveCfg = Release|Any CPU
		{7F9CD71E-2468-4AD4-B478-7CA21D913E01}.Release|Any CPU.Build.0 = Release|Any CPU
		{E2D9C7AA-CA7D-4899-86E2-524B3763FCC1}.Debug|Any CPU.ActiveCfg = Debug|Any CPU
		{E2D9C7AA-CA7D-4899-86E2-524B3763FCC1}.Debug|Any CPU.Build.0 = Debug|Any CPU
		{E2D9C7AA-CA7D-4899-86E2-524B3763FCC1}.Release|Any CPU.ActiveCfg = Release|Any CPU
		{E2D9C7AA-CA7D-4899-86E2-524B3763FCC1}.Release|Any CPU.Build.0 = Release|Any CPU
		{B4EE67D7-4031-4909-ADEF-40F58575E847}.Debug|Any CPU.ActiveCfg = Debug|Any CPU
		{B4EE67D7-4031-4909-ADEF-40F58575E847}.Debug|Any CPU.Build.0 = Debug|Any CPU
		{B4EE67D7-4031-4909-ADEF-40F58575E847}.Release|Any CPU.ActiveCfg = Release|Any CPU
		{B4EE67D7-4031-4909-ADEF-40F58575E847}.Release|Any CPU.Build.0 = Release|Any CPU
		{56843B33-188A-4946-B790-7F3CACAA717F}.Debug|Any CPU.ActiveCfg = Debug|Any CPU
		{56843B33-188A-4946-B790-7F3CACAA717F}.Debug|Any CPU.Build.0 = Debug|Any CPU
		{56843B33-188A-4946-B790-7F3CACAA717F}.Release|Any CPU.ActiveCfg = Release|Any CPU
		{56843B33-188A-4946-B790-7F3CACAA717F}.Release|Any CPU.Build.0 = Release|Any CPU
		{79628333-D50F-40C2-8B5D-E1999B4A86C3}.Debug|Any CPU.ActiveCfg = Debug|Any CPU
		{79628333-D50F-40C2-8B5D-E1999B4A86C3}.Debug|Any CPU.Build.0 = Debug|Any CPU
		{79628333-D50F-40C2-8B5D-E1999B4A86C3}.Release|Any CPU.ActiveCfg = Release|Any CPU
		{79628333-D50F-40C2-8B5D-E1999B4A86C3}.Release|Any CPU.Build.0 = Release|Any CPU
	EndGlobalSection
	GlobalSection(SolutionProperties) = preSolution
		HideSolutionNode = FALSE
	EndGlobalSection
	GlobalSection(NestedProjects) = preSolution
		{C9DADC47-3EB7-4A4D-856C-C6374C3202C4} = {AB1F41BA-678A-4EEF-B676-584256577119}
		{B40DF99B-3415-4CEB-81D5-4E8584490933} = {AB1F41BA-678A-4EEF-B676-584256577119}
		{4E71CD51-914F-4DA1-9395-E4E930F65FD2} = {AB1F41BA-678A-4EEF-B676-584256577119}
		{A04C5876-6532-4651-83A7-47B15B10AA34} = {4E71CD51-914F-4DA1-9395-E4E930F65FD2}
		{7F9CD71E-2468-4AD4-B478-7CA21D913E01} = {C9DADC47-3EB7-4A4D-856C-C6374C3202C4}
		{E2D9C7AA-CA7D-4899-86E2-524B3763FCC1} = {C9DADC47-3EB7-4A4D-856C-C6374C3202C4}
		{B4EE67D7-4031-4909-ADEF-40F58575E847} = {B40DF99B-3415-4CEB-81D5-4E8584490933}
		{56843B33-188A-4946-B790-7F3CACAA717F} = {B40DF99B-3415-4CEB-81D5-4E8584490933}
		{79628333-D50F-40C2-8B5D-E1999B4A86C3} = {B40DF99B-3415-4CEB-81D5-4E8584490933}
	EndGlobalSection
	GlobalSection(ExtensibilityGlobals) = postSolution
		SolutionGuid = {314D25A7-2F27-4DCA-9098-92847661A66B}
	EndGlobalSection
EndGlobal
